# THIS IS AN AUTOGENERATED FILE. DO NOT EDIT THIS FILE DIRECTLY.
# yarn lockfile v1


"@iroha2/client-isomorphic-fetch@^0.2.0":
  version "0.2.0"
  resolved "https://nexus.iroha.tech/repository/npm-group/@iroha2/client-isomorphic-fetch/-/client-isomorphic-fetch-0.2.0.tgz"
  integrity sha512-kzYln/IpRKDmKNkRg+Q+pgR58RtxLLlCNUzOKqHLPU5MB2JIF61AOvLDstCng9SGFB1Ync6J6uNvcZPkHgF9IQ==
  dependencies:
    node-fetch "^3.2.4"

"@iroha2/client-isomorphic-ws@^0.2.0":
  version "0.2.0"
  resolved "https://nexus.iroha.tech/repository/npm-group/@iroha2/client-isomorphic-ws/-/client-isomorphic-ws-0.2.0.tgz"
  integrity sha512-02mGgeokHTlceWWIdeP2EgRnqlodmUtZ0O26K4gTsuwL73prmTP0+sxiqdU7EaNXp1fJ1GqzOEiSt1vEn48z0Q==
  dependencies:
    ws "^8.4.0"

"@iroha2/client@^1.4.0":
  version "1.4.0"
  resolved "https://nexus.iroha.tech/repository/npm-group/@iroha2/client/-/client-1.4.0.tgz"
  integrity sha512-UdzX6uRAncEdHYzYX2T/3rGX43vC9pcAcOMJVW6+HRfXpO20ZBjpNMvHmP5Z5B+OAmMmOXtRXgi/gKTzDN9Wog==
  dependencies:
    "@iroha2/client-isomorphic-fetch" "^0.2.0"
    "@iroha2/client-isomorphic-ws" "^0.2.0"
    "@iroha2/crypto-core" "^0.1.1"
    "@iroha2/data-model" "1.4.0"
    debug "^4.3.4"
    emittery "^0.10.1"
    json-bigint "^1.0.0"

"@iroha2/crypto-core@^0.1.1":
  version "0.1.1"
  resolved "https://nexus.iroha.tech/repository/npm-group/@iroha2/crypto-core/-/crypto-core-0.1.1.tgz"
  integrity sha512-BdZsIhHNwwLyMz8V8MQwPJ/Lce2FHyMkD3+Hy/BGBLScpiXVm/PRajb6oFmciXZgXmgveprTTFwQw/RU6FEahg==

"@iroha2/crypto-target-node@^0.2.0":
  version "0.2.0"
  resolved "https://nexus.iroha.tech/repository/npm-group/@iroha2/crypto-target-node/-/crypto-target-node-0.2.0.tgz"
  integrity sha512-q17jl4/wqV/dXCxejdZ+iD9cEnD0AQJ7uTUF4bmhDzvN7b6zc/eIwsTwD6HiRrMkNjQsDviMKX+9VDD5xkm5yw==
  dependencies:
    "@iroha2/crypto-core" "^0.1.1"

"@iroha2/data-model@1.4.0", "@iroha2/data-model@^1.4.0":
  version "1.4.0"
  resolved "https://nexus.iroha.tech/repository/npm-group/@iroha2/data-model/-/data-model-1.4.0.tgz"
  integrity sha512-yhxaiWxTeqkllwFMudbUaXdPBcZ845vZPBnziBUlfLDjh+UU4AC344dcRkXDSBYsMQk02bZSVvtK3hpMkS4vRA==
  dependencies:
    "@iroha2/i64-fixnum" "^0.3.1"
    "@scale-codec/definition-runtime" "^2.0.0"

"@iroha2/i64-fixnum@^0.3.1":
  version "0.3.1"
  resolved "https://nexus.iroha.tech/repository/npm-group/@iroha2/i64-fixnum/-/i64-fixnum-0.3.1.tgz"
  integrity sha512-Onbftk8JtmNaaNh+F0zezOxyLZ/gpqIbpg4zElJ6XSbN69TlPj0eXl1J0iGUp6zMfhzYNHFOi3G/CF0bFhu+rg==
  dependencies:
    "@scale-codec/util" "^1.0.0"

"@scale-codec/core@^1.0.1":
  version "1.0.1"
  resolved "https://registry.npmjs.org/@scale-codec/core/-/core-1.0.1.tgz"
  integrity sha512-HqrIIw1NwJXEoDAKRMxuKXoSJQ5HU9X8DuMdOLvkIaN/4Jl/vOvkcWTpfrPKOGgj7qgmxbZc4RjJoQZs6L9o+g==
  dependencies:
    "@scale-codec/enum" "^1.0.2"
    "@scale-codec/util" "^1.0.0"

"@scale-codec/definition-runtime@^2.0.0":
  version "2.0.0"
  resolved "https://registry.npmjs.org/@scale-codec/definition-runtime/-/definition-runtime-2.0.0.tgz"
  integrity sha512-GCd2PMbJc/kby5ZHR4sLm5NNgfdLDWBSoe4/hsHzKL0pZpVlF2Xokgat8IkwDthKDAB4lKaUgeFRH5UrNDMOtQ==
  dependencies:
    "@scale-codec/core" "^1.0.1"
    "@scale-codec/util" "^1.0.0"
    fmt-subs "^1.0.2"
    type-fest "^2.11.2"

"@scale-codec/enum@^1.0.2":
  version "1.0.2"
  resolved "https://registry.npmjs.org/@scale-codec/enum/-/enum-1.0.2.tgz"
  integrity sha512-+3DkXIyMRMq0EYfJpmxeGWUDWIupyjlXqCID5iHTCqnsTyU0Zysfqv3TqGCuBQW+MK325U72usuBQ2WhiEO5ZA==

"@scale-codec/util@^1.0.0":
  version "1.0.0"
  resolved "https://registry.npmjs.org/@scale-codec/util/-/util-1.0.0.tgz"
  integrity sha512-Y19tdkyHtFNJDX5cztqUTYzTp4xyiOaG79vcQdyD0GB4q+lGFdeqUCNSYrcuxrzZirXnOfATy/rdLK2ZZyRT6w==

"@types/node@^18.6.1":
  version "18.6.1"
  resolved "https://registry.npmjs.org/@types/node/-/node-18.6.1.tgz"
  integrity sha512-z+2vB6yDt1fNwKOeGbckpmirO+VBDuQqecXkgeIqDlaOtmKn6hPR/viQ8cxCfqLU4fTlvM3+YjM367TukWdxpg==

bignumber.js@^9.0.0:
  version "9.0.2"
  resolved "https://registry.npmjs.org/bignumber.js/-/bignumber.js-9.0.2.tgz"
  integrity sha512-GAcQvbpsM0pUb0zw1EI0KhQEZ+lRwR5fYaAp3vPOYuP7aDvGy6cVN6XHLauvF8SOga2y0dcLcjt3iQDTSEliyw==

debug@^4.3.4:
  version "4.3.4"
  resolved "https://registry.npmjs.org/debug/-/debug-4.3.4.tgz"
  integrity sha512-PRWFHuSU3eDtQJPvnNY7Jcket1j0t5OuOsFzPPzsekD52Zl8qUfFIPEiswXqIvHWGVHOgX+7G/vCNNhehwxfkQ==
  dependencies:
    ms "2.1.2"

emittery@^0.10.1:
  version "0.10.2"
  resolved "https://registry.npmjs.org/emittery/-/emittery-0.10.2.tgz"
  integrity sha512-aITqOwnLanpHLNXZJENbOgjUBeHocD+xsSJmNrjovKBW5HbSpW3d1pEls7GFQPUWXiwG9+0P4GtHfEqC/4M0Iw==

fmt-subs@^1.0.2:
  version "1.0.2"
  resolved "https://registry.npmjs.org/fmt-subs/-/fmt-subs-1.0.2.tgz"
  integrity sha512-s2Ku+7r58SLCA4io44DaYPHvJi6b9D2Qs3a7fpGAhaZ9vA6t4d+WgMhp9ueq2elcHmU1JwstzmOX+2dB7JqoKg==

hada@^0.0.8:
  version "0.0.8"
  resolved "https://registry.npmjs.org/hada/-/hada-0.0.8.tgz"
  integrity sha512-CLzCvrb53E6Lh1rO/NFty1PG7VJV3r4pDCU5nR/0yaUCT05lk5ayLBd/0QX7z2QH4t6xu7jflYBa9Dwoo7giZA==

json-bigint@^1.0.0:
  version "1.0.0"
  resolved "https://registry.npmjs.org/json-bigint/-/json-bigint-1.0.0.tgz"
  integrity sha512-SiPv/8VpZuWbvLSMtTDU8hEfrZWg/mH/nV/b4o0CYbSxu1UIQPLdwKOCIyLQX+VIPO5vrLX3i8qtqFyhdPSUSQ==
  dependencies:
    bignumber.js "^9.0.0"

ms@2.1.2:
  version "2.1.2"
  resolved "https://registry.npmjs.org/ms/-/ms-2.1.2.tgz"
  integrity sha512-sGkPx+VjMtmA6MX27oA4FBFELFCZZ4S4XqeGOXCv68tT+jb3vk/RyaKWP0PTKyWtmLSM0b+adUTEvbs1PEaH2w==

node-fetch@2.6.7, node-fetch@2.7.6:
  version "2.6.7"
  resolved "https://registry.yarnpkg.com/node-fetch/-/node-fetch-2.6.7.tgz#24de9fba827e3b4ae44dc8b20256a379160052ad"
  integrity sha512-ZjMPFEfVx5j+y2yF35Kzx5sF7kDzxuDj6ziH4FFbOp87zKDZNx8yExJIb05OGF4Nlt9IHFIMBkRl41VdvcNdbQ==
  dependencies:
    whatwg-url "^5.0.0"

tr46@~0.0.3:
  version "0.0.3"
  resolved "https://registry.npmjs.org/tr46/-/tr46-0.0.3.tgz"
  integrity sha512-N3WMsuqV66lT30CrXNbEjx4GEwlow3v6rr4mCcv6prnfwhS01rkgyFdjPNBYd9br7LpXV1+Emh01fHnq2Gdgrw==

type-fest@^2.11.2:
  version "2.17.0"
  resolved "https://registry.npmjs.org/type-fest/-/type-fest-2.17.0.tgz"
  integrity sha512-U+g3/JVXnOki1kLSc+xZGPRll3Ah9u2VIG6Sn9iH9YX6UkPERmt6O/0fIyTgsd2/whV0+gAaHAg8fz6sG1QzMA==

typescript@^4.7.4:
  version "4.7.4"
  resolved "https://registry.npmjs.org/typescript/-/typescript-4.7.4.tgz"
  integrity sha512-C0WQT0gezHuw6AdY1M2jxUO83Rjf0HP7Sk1DtXj6j1EwkQNZrHAg2XPWlq62oqEhYvONq5pkC2Y9oPljWToLmQ==

webidl-conversions@^3.0.0:
  version "3.0.1"
  resolved "https://registry.npmjs.org/webidl-conversions/-/webidl-conversions-3.0.1.tgz"
  integrity sha512-2JAn3z8AR6rjK8Sm8orRC0h/bcl/DqL7tRPdGZ4I1CjdF+EaMLmYxBHyXuKL849eucPFhvBoxMsflfOb8kxaeQ==

whatwg-url@^5.0.0:
  version "5.0.0"
  resolved "https://registry.npmjs.org/whatwg-url/-/whatwg-url-5.0.0.tgz"
  integrity sha512-saE57nupxk6v3HY35+jzBwYa0rKSy0XR8JSxZPwgLr7ys0IBzhGviA1/TUGJLmSVqs8pb9AnvICXEuOHLprYTw==
  dependencies:
    tr46 "~0.0.3"
    webidl-conversions "^3.0.0"

ws@^8.4.0:
  version "8.8.1"
  resolved "https://registry.npmjs.org/ws/-/ws-8.8.1.tgz"
  integrity sha512-bGy2JzvzkPowEJV++hF07hAD6niYSr0JzBNo/J29WsB57A2r7Wlc1UFcTR9IzrPvuNVO4B8LGqF8qcpsVOhJCA==
