# THIS IS AN AUTOGENERATED FILE. DO NOT EDIT THIS FILE DIRECTLY.
# yarn lockfile v1


"@iroha2/client-isomorphic-fetch@^0.2.0":
  version "0.2.0"
  resolved "https://nexus.iroha.tech/repository/npm-group/@iroha2/client-isomorphic-fetch/-/client-isomorphic-fetch-0.2.0.tgz#8fdd0a5165f1b9509db8f8fd674fb77e6f2769a6"
  integrity sha512-kzYln/IpRKDmKNkRg+Q+pgR58RtxLLlCNUzOKqHLPU5MB2JIF61AOvLDstCng9SGFB1Ync6J6uNvcZPkHgF9IQ==
  dependencies:
    node-fetch "^3.2.4"

"@iroha2/client-isomorphic-ws@^0.2.0":
  version "0.2.0"
  resolved "https://nexus.iroha.tech/repository/npm-group/@iroha2/client-isomorphic-ws/-/client-isomorphic-ws-0.2.0.tgz#7647d961b8e41a53b095420c2d20456f2ffdcd7d"
  integrity sha512-02mGgeokHTlceWWIdeP2EgRnqlodmUtZ0O26K4gTsuwL73prmTP0+sxiqdU7EaNXp1fJ1GqzOEiSt1vEn48z0Q==
  dependencies:
    ws "^8.4.0"

"@iroha2/client@^1.4.0":
  version "1.4.0"
  resolved "https://nexus.iroha.tech/repository/npm-group/@iroha2/client/-/client-1.4.0.tgz#2623c83a2206b2a62857a9705668a8606ce738b4"
  integrity sha512-UdzX6uRAncEdHYzYX2T/3rGX43vC9pcAcOMJVW6+HRfXpO20ZBjpNMvHmP5Z5B+OAmMmOXtRXgi/gKTzDN9Wog==
  dependencies:
    "@iroha2/client-isomorphic-fetch" "^0.2.0"
    "@iroha2/client-isomorphic-ws" "^0.2.0"
    "@iroha2/crypto-core" "^0.1.1"
    "@iroha2/data-model" "1.4.0"
    debug "^4.3.4"
    emittery "^0.10.1"
    json-bigint "^1.0.0"

"@iroha2/crypto-core@^0.1.1":
  version "0.1.1"
  resolved "https://nexus.iroha.tech/repository/npm-group/@iroha2/crypto-core/-/crypto-core-0.1.1.tgz#1a5ebe686946219cfea80e088c29d8b010c3820f"
  integrity sha512-BdZsIhHNwwLyMz8V8MQwPJ/Lce2FHyMkD3+Hy/BGBLScpiXVm/PRajb6oFmciXZgXmgveprTTFwQw/RU6FEahg==

"@iroha2/crypto-target-node@^0.2.0":
  version "0.2.0"
  resolved "https://nexus.iroha.tech/repository/npm-group/@iroha2/crypto-target-node/-/crypto-target-node-0.2.0.tgz#5f3017c757259341cf95cc963bcf6b5e2953dd30"
  integrity sha512-q17jl4/wqV/dXCxejdZ+iD9cEnD0AQJ7uTUF4bmhDzvN7b6zc/eIwsTwD6HiRrMkNjQsDviMKX+9VDD5xkm5yw==
  dependencies:
    "@iroha2/crypto-core" "^0.1.1"

"@iroha2/data-model@1.4.0", "@iroha2/data-model@^1.4.0":
  version "1.4.0"
  resolved "https://nexus.iroha.tech/repository/npm-group/@iroha2/data-model/-/data-model-1.4.0.tgz#2b859047e050c7089f32e8d72288c286a0bde3bd"
  integrity sha512-yhxaiWxTeqkllwFMudbUaXdPBcZ845vZPBnziBUlfLDjh+UU4AC344dcRkXDSBYsMQk02bZSVvtK3hpMkS4vRA==
  dependencies:
    "@iroha2/i64-fixnum" "^0.3.1"
    "@scale-codec/definition-runtime" "^2.0.0"

"@iroha2/i64-fixnum@^0.3.1":
  version "0.3.1"
  resolved "https://nexus.iroha.tech/repository/npm-group/@iroha2/i64-fixnum/-/i64-fixnum-0.3.1.tgz#8a208b9a8fbd1de1703f63e9d9965f02026657be"
  integrity sha512-Onbftk8JtmNaaNh+F0zezOxyLZ/gpqIbpg4zElJ6XSbN69TlPj0eXl1J0iGUp6zMfhzYNHFOi3G/CF0bFhu+rg==
  dependencies:
    "@scale-codec/util" "^1.0.0"

"@scale-codec/core@^1.0.1":
  version "1.0.1"
  resolved "https://registry.yarnpkg.com/@scale-codec/core/-/core-1.0.1.tgz#8746f49252231bf503c4dfcb4ed823bd9016729e"
  integrity sha512-HqrIIw1NwJXEoDAKRMxuKXoSJQ5HU9X8DuMdOLvkIaN/4Jl/vOvkcWTpfrPKOGgj7qgmxbZc4RjJoQZs6L9o+g==
  dependencies:
    "@scale-codec/enum" "^1.0.2"
    "@scale-codec/util" "^1.0.0"

"@scale-codec/definition-runtime@^2.0.0":
  version "2.0.0"
  resolved "https://registry.yarnpkg.com/@scale-codec/definition-runtime/-/definition-runtime-2.0.0.tgz#dce6ea586abb32e68286d12ab21764416f6e499a"
  integrity sha512-GCd2PMbJc/kby5ZHR4sLm5NNgfdLDWBSoe4/hsHzKL0pZpVlF2Xokgat8IkwDthKDAB4lKaUgeFRH5UrNDMOtQ==
  dependencies:
    "@scale-codec/core" "^1.0.1"
    "@scale-codec/util" "^1.0.0"
    fmt-subs "^1.0.2"
    type-fest "^2.11.2"

"@scale-codec/enum@^1.0.2":
  version "1.0.2"
  resolved "https://registry.yarnpkg.com/@scale-codec/enum/-/enum-1.0.2.tgz#d227536bda705868d1c9aab6c679d8baebdc0f52"
  integrity sha512-+3DkXIyMRMq0EYfJpmxeGWUDWIupyjlXqCID5iHTCqnsTyU0Zysfqv3TqGCuBQW+MK325U72usuBQ2WhiEO5ZA==

"@scale-codec/util@^1.0.0":
  version "1.0.0"
  resolved "https://registry.yarnpkg.com/@scale-codec/util/-/util-1.0.0.tgz#ccd6fee59330d74bef5b3ed4745b610efafd62d8"
  integrity sha512-Y19tdkyHtFNJDX5cztqUTYzTp4xyiOaG79vcQdyD0GB4q+lGFdeqUCNSYrcuxrzZirXnOfATy/rdLK2ZZyRT6w==

bignumber.js@^9.0.0:
  version "9.0.2"
  resolved "https://registry.yarnpkg.com/bignumber.js/-/bignumber.js-9.0.2.tgz#71c6c6bed38de64e24a65ebe16cfcf23ae693673"
  integrity sha512-GAcQvbpsM0pUb0zw1EI0KhQEZ+lRwR5fYaAp3vPOYuP7aDvGy6cVN6XHLauvF8SOga2y0dcLcjt3iQDTSEliyw==

data-uri-to-buffer@^4.0.0:
  version "4.0.0"
  resolved "https://registry.yarnpkg.com/data-uri-to-buffer/-/data-uri-to-buffer-4.0.0.tgz#b5db46aea50f6176428ac05b73be39a57701a64b"
  integrity sha512-Vr3mLBA8qWmcuschSLAOogKgQ/Jwxulv3RNE4FXnYWRGujzrRWQI4m12fQqRkwX06C0KanhLr4hK+GydchZsaA==

debug@^4.3.4:
  version "4.3.4"
  resolved "https://registry.yarnpkg.com/debug/-/debug-4.3.4.tgz#1319f6579357f2338d3337d2cdd4914bb5dcc865"
  integrity sha512-PRWFHuSU3eDtQJPvnNY7Jcket1j0t5OuOsFzPPzsekD52Zl8qUfFIPEiswXqIvHWGVHOgX+7G/vCNNhehwxfkQ==
  dependencies:
    ms "2.1.2"

emittery@^0.10.1:
  version "0.10.2"
  resolved "https://registry.yarnpkg.com/emittery/-/emittery-0.10.2.tgz#902eec8aedb8c41938c46e9385e9db7e03182933"
  integrity sha512-aITqOwnLanpHLNXZJENbOgjUBeHocD+xsSJmNrjovKBW5HbSpW3d1pEls7GFQPUWXiwG9+0P4GtHfEqC/4M0Iw==

fetch-blob@^3.1.2, fetch-blob@^3.1.4:
  version "3.2.0"
  resolved "https://registry.yarnpkg.com/fetch-blob/-/fetch-blob-3.2.0.tgz#f09b8d4bbd45adc6f0c20b7e787e793e309dcce9"
  integrity sha512-7yAQpD2UMJzLi1Dqv7qFYnPbaPx7ZfFK6PiIxQ4PfkGPyNyl2Ugx+a/umUonmKqjhM4DnfbMvdX6otXq83soQQ==
  dependencies:
    node-domexception "^1.0.0"
    web-streams-polyfill "^3.0.3"

fmt-subs@^1.0.2:
  version "1.0.2"
  resolved "https://registry.yarnpkg.com/fmt-subs/-/fmt-subs-1.0.2.tgz#87ad6b9957d4d4581b7c206382b6a1b14da2f7f2"
  integrity sha512-s2Ku+7r58SLCA4io44DaYPHvJi6b9D2Qs3a7fpGAhaZ9vA6t4d+WgMhp9ueq2elcHmU1JwstzmOX+2dB7JqoKg==

formdata-polyfill@^4.0.10:
  version "4.0.10"
  resolved "https://registry.yarnpkg.com/formdata-polyfill/-/formdata-polyfill-4.0.10.tgz#24807c31c9d402e002ab3d8c720144ceb8848423"
  integrity sha512-buewHzMvYL29jdeQTVILecSaZKnt/RJWjoZCF5OW60Z67/GmSLBkOFM7qh1PI3zFNtJbaZL5eQu1vLfazOwj4g==
  dependencies:
    fetch-blob "^3.1.2"

hada@^0.0.8:
  version "0.0.8"
  resolved "https://registry.yarnpkg.com/hada/-/hada-0.0.8.tgz#eeb69d44995fd3eca1c0dca20f6d20a26cda0c53"
  integrity sha512-CLzCvrb53E6Lh1rO/NFty1PG7VJV3r4pDCU5nR/0yaUCT05lk5ayLBd/0QX7z2QH4t6xu7jflYBa9Dwoo7giZA==

json-bigint@^1.0.0:
  version "1.0.0"
  resolved "https://registry.yarnpkg.com/json-bigint/-/json-bigint-1.0.0.tgz#ae547823ac0cad8398667f8cd9ef4730f5b01ff1"
  integrity sha512-SiPv/8VpZuWbvLSMtTDU8hEfrZWg/mH/nV/b4o0CYbSxu1UIQPLdwKOCIyLQX+VIPO5vrLX3i8qtqFyhdPSUSQ==
  dependencies:
    bignumber.js "^9.0.0"

ms@2.1.2:
  version "2.1.2"
  resolved "https://registry.yarnpkg.com/ms/-/ms-2.1.2.tgz#d09d1f357b443f493382a8eb3ccd183872ae6009"
  integrity sha512-sGkPx+VjMtmA6MX27oA4FBFELFCZZ4S4XqeGOXCv68tT+jb3vk/RyaKWP0PTKyWtmLSM0b+adUTEvbs1PEaH2w==

node-domexception@^1.0.0:
  version "1.0.0"
  resolved "https://registry.yarnpkg.com/node-domexception/-/node-domexception-1.0.0.tgz#6888db46a1f71c0b76b3f7555016b63fe64766e5"
  integrity sha512-/jKZoMpw0F8GRwl4/eLROPA3cfcXtLApP0QzLmUT/HuPCZWyB7IY9ZrMeKw2O/nFIqPQB3PVM9aYm0F312AXDQ==

node-fetch@^3.2.4:
  version "3.2.9"
  resolved "https://registry.yarnpkg.com/node-fetch/-/node-fetch-3.2.9.tgz#3f6070bf854de20f21b9fe8479f823462e615d7d"
  integrity sha512-/2lI+DBecVvVm9tDhjziTVjo2wmTsSxSk58saUYP0P/fRJ3xxtfMDY24+CKTkfm0Dlhyn3CSXNL0SoRiCZ8Rzg==
  dependencies:
    data-uri-to-buffer "^4.0.0"
    fetch-blob "^3.1.4"
    formdata-polyfill "^4.0.10"

type-fest@^2.11.2:
  version "2.17.0"
  resolved "https://registry.yarnpkg.com/type-fest/-/type-fest-2.17.0.tgz#c677030ce61e5be0c90c077d52571eb73c506ea9"
  integrity sha512-U+g3/JVXnOki1kLSc+xZGPRll3Ah9u2VIG6Sn9iH9YX6UkPERmt6O/0fIyTgsd2/whV0+gAaHAg8fz6sG1QzMA==

typescript@^4.7.4:
  version "4.7.4"
  resolved "https://registry.yarnpkg.com/typescript/-/typescript-4.7.4.tgz#1a88596d1cf47d59507a1bcdfb5b9dfe4d488235"
  integrity sha512-C0WQT0gezHuw6AdY1M2jxUO83Rjf0HP7Sk1DtXj6j1EwkQNZrHAg2XPWlq62oqEhYvONq5pkC2Y9oPljWToLmQ==

web-streams-polyfill@^3.0.3:
  version "3.2.1"
  resolved "https://registry.yarnpkg.com/web-streams-polyfill/-/web-streams-polyfill-3.2.1.tgz#71c2718c52b45fd49dbeee88634b3a60ceab42a6"
  integrity sha512-e0MO3wdXWKrLbL0DgGnUV7WHVuw9OUvL4hjgnPkIeEvESk74gAITi5G606JtZPp39cd8HA9VQzCIvA49LpPN5Q==

ws@^8.4.0:
  version "8.8.1"
  resolved "https://registry.yarnpkg.com/ws/-/ws-8.8.1.tgz#5dbad0feb7ade8ecc99b830c1d77c913d4955ff0"
  integrity sha512-bGy2JzvzkPowEJV++hF07hAD6niYSr0JzBNo/J29WsB57A2r7Wlc1UFcTR9IzrPvuNVO4B8LGqF8qcpsVOhJCA==
